
Microsoft Visual Studio Solution File, Format Version 12.00
Project("{2150E333-8FDC-42A3-9474-1A3956D46DE8}") = "Core", "Core", "{77C13523-F526-4ED1-98FE-59146808402F}"
EndProject
Project("{2150E333-8FDC-42A3-9474-1A3956D46DE8}") = "Infrastructure", "Infrastructure", "{EA7ACA8F-9401-4EF7-8ACD-DDB98905A5FF}"
EndProject
Project("{2150E333-8FDC-42A3-9474-1A3956D46DE8}") = "Presentation", "Presentation", "{CFAB19D4-37D7-4D89-90F0-2AFA5BFF5A90}"
EndProject
Project("{FAE04EC0-301F-11D3-BF4B-00C04F79EFBC}") = "Nexalith.Domain", "src\Core\Nexalith.Domain\Nexalith.Domain.csproj", "{B94C5E01-1CF6-41AD-B89C-25503FAE3892}"
EndProject
Project("{FAE04EC0-301F-11D3-BF4B-00C04F79EFBC}") = "Nexalith.Application", "src\Core\Nexalith.Application\Nexalith.Application.csproj", "{6A96BEE3-A221-4DDF-AD94-8C12C84E13B3}"
EndProject
Project("{FAE04EC0-301F-11D3-BF4B-00C04F79EFBC}") = "Nexalith.Infrastructure", "src\Infrastructure\Nexalith.Infrastructure\Nexalith.Infrastructure.csproj", "{14C23BF6-C888-4D09-A4E4-AF85C53161B4}"
EndProject
Project("{FAE04EC0-301F-11D3-BF4B-00C04F79EFBC}") = "Nexalith.Api", "src\Presentation\Nexalith.Api\Nexalith.Api.csproj", "{863ADC46-AF3C-4A69-B7A7-455DC88210FB}"
EndProject
Project("{2150E333-8FDC-42A3-9474-1A3956D46DE8}") = "Persistence", "Persistence", "{8984633A-CCB9-408A-8443-26984F36D414}"
EndProject
Project("{FAE04EC0-301F-11D3-BF4B-00C04F79EFBC}") = "Nexalith.Persistence.EntityFrameworkCore", "src\Infrastructure\Persistence\Nexalith.Persistence.EntityFrameworkCore\Nexalith.Persistence.EntityFrameworkCore.csproj", "{BC0B54C7-7DFC-486F-B47B-14316B6B8F4A}"
EndProject
Project("{2150E333-8FDC-42A3-9474-1A3956D46DE8}") = "src", "src", "{97A07E47-1F2E-4F32-8A62-2A9712481BE8}"
EndProject
Global
	GlobalSection(SolutionConfigurationPlatforms) = preSolution
		Debug|Any CPU = Debug|Any CPU
		Release|Any CPU = Release|Any CPU
	EndGlobalSection
	GlobalSection(ProjectConfigurationPlatforms) = postSolution
		{B94C5E01-1CF6-41AD-B89C-25503FAE3892}.Debug|Any CPU.ActiveCfg = Debug|Any CPU
		{B94C5E01-1CF6-41AD-B89C-25503FAE3892}.Debug|Any CPU.Build.0 = Debug|Any CPU
		{B94C5E01-1CF6-41AD-B89C-25503FAE3892}.Release|Any CPU.ActiveCfg = Release|Any CPU
		{B94C5E01-1CF6-41AD-B89C-25503FAE3892}.Release|Any CPU.Build.0 = Release|Any CPU
		{6A96BEE3-A221-4DDF-AD94-8C12C84E13B3}.Debug|Any CPU.ActiveCfg = Debug|Any CPU
		{6A96BEE3-A221-4DDF-AD94-8C12C84E13B3}.Debug|Any CPU.Build.0 = Debug|Any CPU
		{6A96BEE3-A221-4DDF-AD94-8C12C84E13B3}.Release|Any CPU.ActiveCfg = Release|Any CPU
		{6A96BEE3-A221-4DDF-AD94-8C12C84E13B3}.Release|Any CPU.Build.0 = Release|Any CPU
		{14C23BF6-C888-4D09-A4E4-AF85C53161B4}.Debug|Any CPU.ActiveCfg = Debug|Any CPU
		{14C23BF6-C888-4D09-A4E4-AF85C53161B4}.Debug|Any CPU.Build.0 = Debug|Any CPU
		{14C23BF6-C888-4D09-A4E4-AF85C53161B4}.Release|Any CPU.ActiveCfg = Release|Any CPU
		{14C23BF6-C888-4D09-A4E4-AF85C53161B4}.Release|Any CPU.Build.0 = Release|Any CPU
		{863ADC46-AF3C-4A69-B7A7-455DC88210FB}.Debug|Any CPU.ActiveCfg = Debug|Any CPU
		{863ADC46-AF3C-4A69-B7A7-455DC88210FB}.Debug|Any CPU.Build.0 = Debug|Any CPU
		{863ADC46-AF3C-4A69-B7A7-455DC88210FB}.Release|Any CPU.ActiveCfg = Release|Any CPU
		{863ADC46-AF3C-4A69-B7A7-455DC88210FB}.Release|Any CPU.Build.0 = Release|Any CPU
		{BC0B54C7-7DFC-486F-B47B-14316B6B8F4A}.Debug|Any CPU.ActiveCfg = Debug|Any CPU
		{BC0B54C7-7DFC-486F-B47B-14316B6B8F4A}.Debug|Any CPU.Build.0 = Debug|Any CPU
		{BC0B54C7-7DFC-486F-B47B-14316B6B8F4A}.Release|Any CPU.ActiveCfg = Release|Any CPU
		{BC0B54C7-7DFC-486F-B47B-14316B6B8F4A}.Release|Any CPU.Build.0 = Release|Any CPU
	EndGlobalSection
	GlobalSection(NestedProjects) = preSolution
		{B94C5E01-1CF6-41AD-B89C-25503FAE3892} = {77C13523-F526-4ED1-98FE-59146808402F}
		{6A96BEE3-A221-4DDF-AD94-8C12C84E13B3} = {77C13523-F526-4ED1-98FE-59146808402F}
		{14C23BF6-C888-4D09-A4E4-AF85C53161B4} = {EA7ACA8F-9401-4EF7-8ACD-DDB98905A5FF}
		{863ADC46-AF3C-4A69-B7A7-455DC88210FB} = {CFAB19D4-37D7-4D89-90F0-2AFA5BFF5A90}
		{8984633A-CCB9-408A-8443-26984F36D414} = {EA7ACA8F-9401-4EF7-8ACD-DDB98905A5FF}
		{BC0B54C7-7DFC-486F-B47B-14316B6B8F4A} = {8984633A-CCB9-408A-8443-26984F36D414}
		{77C13523-F526-4ED1-98FE-59146808402F} = {97A07E47-1F2E-4F32-8A62-2A9712481BE8}
		{EA7ACA8F-9401-4EF7-8ACD-DDB98905A5FF} = {97A07E47-1F2E-4F32-8A62-2A9712481BE8}
		{CFAB19D4-37D7-4D89-90F0-2AFA5BFF5A90} = {97A07E47-1F2E-4F32-8A62-2A9712481BE8}
	EndGlobalSection
EndGlobal
